
Microsoft Visual Studio Solution File, Format Version 12.00
# Visual Studio Version 16
VisualStudioVersion = 16.0.29709.97
MinimumVisualStudioVersion = 10.0.40219.1
Project("{FAE04EC0-301F-11D3-BF4B-00C04F79EFBC}") = "class-2", "class-2.csproj", "{49E3D388-7873-41E4-A7BF-D230922A96EC}"
EndProject
Global
	GlobalSection(SolutionConfigurationPlatforms) = preSolution
		Debug|Any CPU = Debug|Any CPU
		Release|Any CPU = Release|Any CPU
	EndGlobalSection
	GlobalSection(ProjectConfigurationPlatforms) = postSolution
		{49E3D388-7873-41E4-A7BF-D230922A96EC}.Debug|Any CPU.ActiveCfg = Debug|Any CPU
		{49E3D388-7873-41E4-A7BF-D230922A96EC}.Debug|Any CPU.Build.0 = Debug|Any CPU
		{49E3D388-7873-41E4-A7BF-D230922A96EC}.Release|Any CPU.ActiveCfg = Release|Any CPU
		{49E3D388-7873-41E4-A7BF-D230922A96EC}.Release|Any CPU.Build.0 = Release|Any CPU
	EndGlobalSection
	GlobalSection(SolutionProperties) = preSolution
		HideSolutionNode = FALSE
	EndGlobalSection
	GlobalSection(ExtensibilityGlobals) = postSolution
		SolutionGuid = {3A6E153A-33AB-476B-9F10-068A8603398E}
	EndGlobalSection
EndGlobal
